
Microsoft Visual Studio Solution File, Format Version 12.00
# Visual Studio Version 17
VisualStudioVersion = 17.6.33829.357
MinimumVisualStudioVersion = 10.0.40219.1
Project("{FAE04EC0-301F-11D3-BF4B-00C04F79EFBC}") = "BulbOnOff", "BulbOnOff.csproj", "{150DA4DD-8A1C-4A8F-ADC4-4E840954E271}"
EndProject
Global
	GlobalSection(SolutionConfigurationPlatforms) = preSolution
		Debug|Any CPU = Debug|Any CPU
		Release|Any CPU = Release|Any CPU
	EndGlobalSection
	GlobalSection(ProjectConfigurationPlatforms) = postSolution
		{150DA4DD-8A1C-4A8F-ADC4-4E840954E271}.Debug|Any CPU.ActiveCfg = Debug|Any CPU
		{150DA4DD-8A1C-4A8F-ADC4-4E840954E271}.Debug|Any CPU.Build.0 = Debug|Any CPU
		{150DA4DD-8A1C-4A8F-ADC4-4E840954E271}.Release|Any CPU.ActiveCfg = Release|Any CPU
		{150DA4DD-8A1C-4A8F-ADC4-4E840954E271}.Release|Any CPU.Build.0 = Release|Any CPU
	EndGlobalSection
	GlobalSection(SolutionProperties) = preSolution
		HideSolutionNode = FALSE
	EndGlobalSection
	GlobalSection(ExtensibilityGlobals) = postSolution
		SolutionGuid = {EB47FFD0-E4EF-44B4-A52A-D38435A2D23F}
	EndGlobalSection
EndGlobal
